
Microsoft Visual Studio Solution File, Format Version 12.00
# Visual Studio 14
VisualStudioVersion = 14.0.24720.0
MinimumVisualStudioVersion = 10.0.40219.1
Project("{FAE04EC0-301F-11D3-BF4B-00C04F79EFBC}") = "1. Practice Integer Numbers", "Data_Types\1. Practice Integer Numbers.csproj", "{90A63124-BB4D-4A53-8A7F-00441A9A9E5B}"
EndProject
Project("{FAE04EC0-301F-11D3-BF4B-00C04F79EFBC}") = "Strings and Objects", "Strings and Objects\Strings and Objects.csproj", "{CBB8D79B-81DD-478F-ADCA-504679EEEC21}"
EndProject
Project("{FAE04EC0-301F-11D3-BF4B-00C04F79EFBC}") = "7. Exchange Variable Values", "7. Exchange Variable Values\7. Exchange Variable Values.csproj", "{2F83BD9D-179C-4016-984C-B2F1E8328FD3}"
EndProject
Project("{FAE04EC0-301F-11D3-BF4B-00C04F79EFBC}") = "08. Employee Data", "08. Employee Data\08. Employee Data.csproj", "{CCCF8E66-BBC8-4309-8B1A-B5BD1FA6F7AF}"
EndProject
Project("{FAE04EC0-301F-11D3-BF4B-00C04F79EFBC}") = "09. Reversed chars", "09. Reversed chars\09. Reversed chars.csproj", "{E0A924F8-11E9-4B71-8BC4-3A978ED5E599}"
EndProject
Project("{FAE04EC0-301F-11D3-BF4B-00C04F79EFBC}") = "10. Centuries to Nanoseconds", "10. Centuries to Nanoseconds\10. Centuries to Nanoseconds.csproj", "{81AA377A-E0B7-4EA4-9339-DE3827698CFF}"
EndProject
Project("{FAE04EC0-301F-11D3-BF4B-00C04F79EFBC}") = "ConvertSpeedUnits", "11. Convert Speed Units\ConvertSpeedUnits.csproj", "{03C7F715-B672-421B-B45D-33CCA2AA2503}"
EndProject
Project("{FAE04EC0-301F-11D3-BF4B-00C04F79EFBC}") = "12. Rectangle Properties", "12. Rectangle Properties\12. Rectangle Properties.csproj", "{2FB83B49-74C2-4C15-8E0C-817710DD84B6}"
EndProject
Project("{FAE04EC0-301F-11D3-BF4B-00C04F79EFBC}") = "13. Vowel or Digit", "13. Vowel or Digit\13. Vowel or Digit.csproj", "{D7ED73F8-42FA-47F2-98A8-8988C6966BA7}"
EndProject
Project("{FAE04EC0-301F-11D3-BF4B-00C04F79EFBC}") = "14. Integer to Hex and Binary", "14. Integer to Hex and Binary\14. Integer to Hex and Binary.csproj", "{34D6EFCD-9A5F-4F7C-AA84-FB848C8B28A1}"
EndProject
Project("{FAE04EC0-301F-11D3-BF4B-00C04F79EFBC}") = "04. Hex to Int", "Hex to Int\04. Hex to Int.csproj", "{4EBF1A89-5576-4D6A-B7A4-4EFAF6FB8025}"
EndProject
Project("{FAE04EC0-301F-11D3-BF4B-00C04F79EFBC}") = "5. Boolean Variable", "5. Boolean Variable\5. Boolean Variable.csproj", "{72DDCE44-3552-488D-BD91-4E5711EE2F0A}"
EndProject
Project("{FAE04EC0-301F-11D3-BF4B-00C04F79EFBC}") = "Comparing Floats", "Comparing Floats\Comparing Floats.csproj", "{5C6E098F-DFD5-4B3B-A126-8B715A90E251}"
EndProject
Project("{FAE04EC0-301F-11D3-BF4B-00C04F79EFBC}") = "Print Part Of ASCII Table", "Print Part Of ASCII Table\Print Part Of ASCII Table.csproj", "{A17345AF-3B41-4153-AAD2-FF09747F6C7B}"
EndProject
Project("{FAE04EC0-301F-11D3-BF4B-00C04F79EFBC}") = "Hello Name", "Hello Name\Hello Name.csproj", "{B9125D10-1FFB-4D0C-98B0-6A8415922519}"
EndProject
Project("{FAE04EC0-301F-11D3-BF4B-00C04F79EFBC}") = "Max Method", "Max Method\Max Method.csproj", "{820EDFB9-AAB0-4AA1-A752-812EBCB42B0B}"
EndProject
Project("{FAE04EC0-301F-11D3-BF4B-00C04F79EFBC}") = "English Name Of The Last Digit", "English Name Of The Last Digit\English Name Of The Last Digit.csproj", "{64E3E177-B544-4EE6-B0DF-24B2E0AC99BD}"
EndProject
Project("{FAE04EC0-301F-11D3-BF4B-00C04F79EFBC}") = "Numbers In Reversed Order", "Numbers In Reversed Order\Numbers In Reversed Order.csproj", "{C212B481-9347-4946-A1E3-19362526A596}"
EndProject
Project("{FAE04EC0-301F-11D3-BF4B-00C04F79EFBC}") = "Lists exercises", "Lists exercises\Lists exercises.csproj", "{1D3B809D-63A2-4C98-B7C3-0CE646BDAA0C}"
EndProject
Project("{FAE04EC0-301F-11D3-BF4B-00C04F79EFBC}") = "Fibonacci", "Fibonacci\Fibonacci.csproj", "{69028C2C-3266-4CF0-92B6-56EC20E78393}"
EndProject
Project("{FAE04EC0-301F-11D3-BF4B-00C04F79EFBC}") = "IsPrime", "IsPrime\IsPrime.csproj", "{8A4A2FDB-F525-45D1-A844-EBA9107D63E9}"
EndProject
Project("{FAE04EC0-301F-11D3-BF4B-00C04F79EFBC}") = "IsPrime2", "IsPrime1\IsPrime2.csproj", "{554FD5DD-52AB-47CE-B31D-6FD4244CBD05}"
EndProject
Project("{FAE04EC0-301F-11D3-BF4B-00C04F79EFBC}") = "Primes In Range", "Primes In Range\Primes In Range.csproj", "{A5ECE412-6B51-4DA9-BF66-F45DD4D1AFF5}"
EndProject
Project("{FAE04EC0-301F-11D3-BF4B-00C04F79EFBC}") = "MasterNumbers", "MasterNumbers\MasterNumbers.csproj", "{04F82E0D-FF74-4462-8646-DC8A62270812}"
EndProject
Project("{FAE04EC0-301F-11D3-BF4B-00C04F79EFBC}") = "Factoriel", "Factoriel\Factoriel.csproj", "{C8020E80-0DEA-4C69-B646-FC72FC2950BF}"
EndProject
Project("{FAE04EC0-301F-11D3-BF4B-00C04F79EFBC}") = "Practise Integers 2", "Practise Integers 2\Practise Integers 2.csproj", "{FA11D3A7-9E9A-4C0C-970F-FBDB38C06ADD}"
EndProject
Project("{FAE04EC0-301F-11D3-BF4B-00C04F79EFBC}") = "2. Practice Floating Point Numbers", "2. Practice Floating Point Numbers\2. Practice Floating Point Numbers.csproj", "{9BF3232C-06D7-42F1-95A1-9A384EA335F0}"
EndProject
Project("{FAE04EC0-301F-11D3-BF4B-00C04F79EFBC}") = "3. Practice Characters and Strings", "3. Practice Characters and Strings\3. Practice Characters and Strings.csproj", "{9ADEABB8-3736-49AE-B4C9-E24EE1DAF80F}"
EndProject
Project("{FAE04EC0-301F-11D3-BF4B-00C04F79EFBC}") = "Diff Interger Types", "Diff Interger Types\Diff Interger Types.csproj", "{63AC6D82-F630-4A6E-AD23-EB89E527D665}"
EndProject
Global
	GlobalSection(SolutionConfigurationPlatforms) = preSolution
		Debug|Any CPU = Debug|Any CPU
		Release|Any CPU = Release|Any CPU
	EndGlobalSection
	GlobalSection(ProjectConfigurationPlatforms) = postSolution
		{90A63124-BB4D-4A53-8A7F-00441A9A9E5B}.Debug|Any CPU.ActiveCfg = Debug|Any CPU
		{90A63124-BB4D-4A53-8A7F-00441A9A9E5B}.Debug|Any CPU.Build.0 = Debug|Any CPU
		{90A63124-BB4D-4A53-8A7F-00441A9A9E5B}.Release|Any CPU.ActiveCfg = Release|Any CPU
		{90A63124-BB4D-4A53-8A7F-00441A9A9E5B}.Release|Any CPU.Build.0 = Release|Any CPU
		{CBB8D79B-81DD-478F-ADCA-504679EEEC21}.Debug|Any CPU.ActiveCfg = Debug|Any CPU
		{CBB8D79B-81DD-478F-ADCA-504679EEEC21}.Debug|Any CPU.Build.0 = Debug|Any CPU
		{CBB8D79B-81DD-478F-ADCA-504679EEEC21}.Release|Any CPU.ActiveCfg = Release|Any CPU
		{CBB8D79B-81DD-478F-ADCA-504679EEEC21}.Release|Any CPU.Build.0 = Release|Any CPU
		{2F83BD9D-179C-4016-984C-B2F1E8328FD3}.Debug|Any CPU.ActiveCfg = Debug|Any CPU
		{2F83BD9D-179C-4016-984C-B2F1E8328FD3}.Debug|Any CPU.Build.0 = Debug|Any CPU
		{2F83BD9D-179C-4016-984C-B2F1E8328FD3}.Release|Any CPU.ActiveCfg = Release|Any CPU
		{2F83BD9D-179C-4016-984C-B2F1E8328FD3}.Release|Any CPU.Build.0 = Release|Any CPU
		{CCCF8E66-BBC8-4309-8B1A-B5BD1FA6F7AF}.Debug|Any CPU.ActiveCfg = Debug|Any CPU
		{CCCF8E66-BBC8-4309-8B1A-B5BD1FA6F7AF}.Debug|Any CPU.Build.0 = Debug|Any CPU
		{CCCF8E66-BBC8-4309-8B1A-B5BD1FA6F7AF}.Release|Any CPU.ActiveCfg = Release|Any CPU
		{CCCF8E66-BBC8-4309-8B1A-B5BD1FA6F7AF}.Release|Any CPU.Build.0 = Release|Any CPU
		{E0A924F8-11E9-4B71-8BC4-3A978ED5E599}.Debug|Any CPU.ActiveCfg = Debug|Any CPU
		{E0A924F8-11E9-4B71-8BC4-3A978ED5E599}.Debug|Any CPU.Build.0 = Debug|Any CPU
		{E0A924F8-11E9-4B71-8BC4-3A978ED5E599}.Release|Any CPU.ActiveCfg = Release|Any CPU
		{E0A924F8-11E9-4B71-8BC4-3A978ED5E599}.Release|Any CPU.Build.0 = Release|Any CPU
		{81AA377A-E0B7-4EA4-9339-DE3827698CFF}.Debug|Any CPU.ActiveCfg = Debug|Any CPU
		{81AA377A-E0B7-4EA4-9339-DE3827698CFF}.Debug|Any CPU.Build.0 = Debug|Any CPU
		{81AA377A-E0B7-4EA4-9339-DE3827698CFF}.Release|Any CPU.ActiveCfg = Release|Any CPU
		{81AA377A-E0B7-4EA4-9339-DE3827698CFF}.Release|Any CPU.Build.0 = Release|Any CPU
		{03C7F715-B672-421B-B45D-33CCA2AA2503}.Debug|Any CPU.ActiveCfg = Debug|Any CPU
		{03C7F715-B672-421B-B45D-33CCA2AA2503}.Debug|Any CPU.Build.0 = Debug|Any CPU
		{03C7F715-B672-421B-B45D-33CCA2AA2503}.Release|Any CPU.ActiveCfg = Release|Any CPU
		{03C7F715-B672-421B-B45D-33CCA2AA2503}.Release|Any CPU.Build.0 = Release|Any CPU
		{2FB83B49-74C2-4C15-8E0C-817710DD84B6}.Debug|Any CPU.ActiveCfg = Debug|Any CPU
		{2FB83B49-74C2-4C15-8E0C-817710DD84B6}.Debug|Any CPU.Build.0 = Debug|Any CPU
		{2FB83B49-74C2-4C15-8E0C-817710DD84B6}.Release|Any CPU.ActiveCfg = Release|Any CPU
		{2FB83B49-74C2-4C15-8E0C-817710DD84B6}.Release|Any CPU.Build.0 = Release|Any CPU
		{D7ED73F8-42FA-47F2-98A8-8988C6966BA7}.Debug|Any CPU.ActiveCfg = Debug|Any CPU
		{D7ED73F8-42FA-47F2-98A8-8988C6966BA7}.Debug|Any CPU.Build.0 = Debug|Any CPU
		{D7ED73F8-42FA-47F2-98A8-8988C6966BA7}.Release|Any CPU.ActiveCfg = Release|Any CPU
		{D7ED73F8-42FA-47F2-98A8-8988C6966BA7}.Release|Any CPU.Build.0 = Release|Any CPU
		{34D6EFCD-9A5F-4F7C-AA84-FB848C8B28A1}.Debug|Any CPU.ActiveCfg = Debug|Any CPU
		{34D6EFCD-9A5F-4F7C-AA84-FB848C8B28A1}.Debug|Any CPU.Build.0 = Debug|Any CPU
		{34D6EFCD-9A5F-4F7C-AA84-FB848C8B28A1}.Release|Any CPU.ActiveCfg = Release|Any CPU
		{34D6EFCD-9A5F-4F7C-AA84-FB848C8B28A1}.Release|Any CPU.Build.0 = Release|Any CPU
		{4EBF1A89-5576-4D6A-B7A4-4EFAF6FB8025}.Debug|Any CPU.ActiveCfg = Debug|Any CPU
		{4EBF1A89-5576-4D6A-B7A4-4EFAF6FB8025}.Debug|Any CPU.Build.0 = Debug|Any CPU
		{4EBF1A89-5576-4D6A-B7A4-4EFAF6FB8025}.Release|Any CPU.ActiveCfg = Release|Any CPU
		{4EBF1A89-5576-4D6A-B7A4-4EFAF6FB8025}.Release|Any CPU.Build.0 = Release|Any CPU
		{72DDCE44-3552-488D-BD91-4E5711EE2F0A}.Debug|Any CPU.ActiveCfg = Debug|Any CPU
		{72DDCE44-3552-488D-BD91-4E5711EE2F0A}.Debug|Any CPU.Build.0 = Debug|Any CPU
		{72DDCE44-3552-488D-BD91-4E5711EE2F0A}.Release|Any CPU.ActiveCfg = Release|Any CPU
		{72DDCE44-3552-488D-BD91-4E5711EE2F0A}.Release|Any CPU.Build.0 = Release|Any CPU
		{5C6E098F-DFD5-4B3B-A126-8B715A90E251}.Debug|Any CPU.ActiveCfg = Debug|Any CPU
		{5C6E098F-DFD5-4B3B-A126-8B715A90E251}.Debug|Any CPU.Build.0 = Debug|Any CPU
		{5C6E098F-DFD5-4B3B-A126-8B715A90E251}.Release|Any CPU.ActiveCfg = Release|Any CPU
		{5C6E098F-DFD5-4B3B-A126-8B715A90E251}.Release|Any CPU.Build.0 = Release|Any CPU
		{A17345AF-3B41-4153-AAD2-FF09747F6C7B}.Debug|Any CPU.ActiveCfg = Debug|Any CPU
		{A17345AF-3B41-4153-AAD2-FF09747F6C7B}.Debug|Any CPU.Build.0 = Debug|Any CPU
		{A17345AF-3B41-4153-AAD2-FF09747F6C7B}.Release|Any CPU.ActiveCfg = Release|Any CPU
		{A17345AF-3B41-4153-AAD2-FF09747F6C7B}.Release|Any CPU.Build.0 = Release|Any CPU
		{B9125D10-1FFB-4D0C-98B0-6A8415922519}.Debug|Any CPU.ActiveCfg = Debug|Any CPU
		{B9125D10-1FFB-4D0C-98B0-6A8415922519}.Debug|Any CPU.Build.0 = Debug|Any CPU
		{B9125D10-1FFB-4D0C-98B0-6A8415922519}.Release|Any CPU.ActiveCfg = Release|Any CPU
		{B9125D10-1FFB-4D0C-98B0-6A8415922519}.Release|Any CPU.Build.0 = Release|Any CPU
		{820EDFB9-AAB0-4AA1-A752-812EBCB42B0B}.Debug|Any CPU.ActiveCfg = Debug|Any CPU
		{820EDFB9-AAB0-4AA1-A752-812EBCB42B0B}.Debug|Any CPU.Build.0 = Debug|Any CPU
		{820EDFB9-AAB0-4AA1-A752-812EBCB42B0B}.Release|Any CPU.ActiveCfg = Release|Any CPU
		{820EDFB9-AAB0-4AA1-A752-812EBCB42B0B}.Release|Any CPU.Build.0 = Release|Any CPU
		{64E3E177-B544-4EE6-B0DF-24B2E0AC99BD}.Debug|Any CPU.ActiveCfg = Debug|Any CPU
		{64E3E177-B544-4EE6-B0DF-24B2E0AC99BD}.Debug|Any CPU.Build.0 = Debug|Any CPU
		{64E3E177-B544-4EE6-B0DF-24B2E0AC99BD}.Release|Any CPU.ActiveCfg = Release|Any CPU
		{64E3E177-B544-4EE6-B0DF-24B2E0AC99BD}.Release|Any CPU.Build.0 = Release|Any CPU
		{C212B481-9347-4946-A1E3-19362526A596}.Debug|Any CPU.ActiveCfg = Debug|Any CPU
		{C212B481-9347-4946-A1E3-19362526A596}.Debug|Any CPU.Build.0 = Debug|Any CPU
		{C212B481-9347-4946-A1E3-19362526A596}.Release|Any CPU.ActiveCfg = Release|Any CPU
		{C212B481-9347-4946-A1E3-19362526A596}.Release|Any CPU.Build.0 = Release|Any CPU
		{1D3B809D-63A2-4C98-B7C3-0CE646BDAA0C}.Debug|Any CPU.ActiveCfg = Debug|Any CPU
		{1D3B809D-63A2-4C98-B7C3-0CE646BDAA0C}.Debug|Any CPU.Build.0 = Debug|Any CPU
		{1D3B809D-63A2-4C98-B7C3-0CE646BDAA0C}.Release|Any CPU.ActiveCfg = Release|Any CPU
		{1D3B809D-63A2-4C98-B7C3-0CE646BDAA0C}.Release|Any CPU.Build.0 = Release|Any CPU
		{69028C2C-3266-4CF0-92B6-56EC20E78393}.Debug|Any CPU.ActiveCfg = Debug|Any CPU
		{69028C2C-3266-4CF0-92B6-56EC20E78393}.Debug|Any CPU.Build.0 = Debug|Any CPU
		{69028C2C-3266-4CF0-92B6-56EC20E78393}.Release|Any CPU.ActiveCfg = Release|Any CPU
		{69028C2C-3266-4CF0-92B6-56EC20E78393}.Release|Any CPU.Build.0 = Release|Any CPU
		{8A4A2FDB-F525-45D1-A844-EBA9107D63E9}.Debug|Any CPU.ActiveCfg = Debug|Any CPU
		{8A4A2FDB-F525-45D1-A844-EBA9107D63E9}.Debug|Any CPU.Build.0 = Debug|Any CPU
		{8A4A2FDB-F525-45D1-A844-EBA9107D63E9}.Release|Any CPU.ActiveCfg = Release|Any CPU
		{8A4A2FDB-F525-45D1-A844-EBA9107D63E9}.Release|Any CPU.Build.0 = Release|Any CPU
		{554FD5DD-52AB-47CE-B31D-6FD4244CBD05}.Debug|Any CPU.ActiveCfg = Debug|Any CPU
		{554FD5DD-52AB-47CE-B31D-6FD4244CBD05}.Debug|Any CPU.Build.0 = Debug|Any CPU
		{554FD5DD-52AB-47CE-B31D-6FD4244CBD05}.Release|Any CPU.ActiveCfg = Release|Any CPU
		{554FD5DD-52AB-47CE-B31D-6FD4244CBD05}.Release|Any CPU.Build.0 = Release|Any CPU
		{A5ECE412-6B51-4DA9-BF66-F45DD4D1AFF5}.Debug|Any CPU.ActiveCfg = Debug|Any CPU
		{A5ECE412-6B51-4DA9-BF66-F45DD4D1AFF5}.Debug|Any CPU.Build.0 = Debug|Any CPU
		{A5ECE412-6B51-4DA9-BF66-F45DD4D1AFF5}.Release|Any CPU.ActiveCfg = Release|Any CPU
		{A5ECE412-6B51-4DA9-BF66-F45DD4D1AFF5}.Release|Any CPU.Build.0 = Release|Any CPU
		{04F82E0D-FF74-4462-8646-DC8A62270812}.Debug|Any CPU.ActiveCfg = Debug|Any CPU
		{04F82E0D-FF74-4462-8646-DC8A62270812}.Debug|Any CPU.Build.0 = Debug|Any CPU
		{04F82E0D-FF74-4462-8646-DC8A62270812}.Release|Any CPU.ActiveCfg = Release|Any CPU
		{04F82E0D-FF74-4462-8646-DC8A62270812}.Release|Any CPU.Build.0 = Release|Any CPU
		{C8020E80-0DEA-4C69-B646-FC72FC2950BF}.Debug|Any CPU.ActiveCfg = Debug|Any CPU
		{C8020E80-0DEA-4C69-B646-FC72FC2950BF}.Debug|Any CPU.Build.0 = Debug|Any CPU
		{C8020E80-0DEA-4C69-B646-FC72FC2950BF}.Release|Any CPU.ActiveCfg = Release|Any CPU
		{C8020E80-0DEA-4C69-B646-FC72FC2950BF}.Release|Any CPU.Build.0 = Release|Any CPU
		{FA11D3A7-9E9A-4C0C-970F-FBDB38C06ADD}.Debug|Any CPU.ActiveCfg = Debug|Any CPU
		{FA11D3A7-9E9A-4C0C-970F-FBDB38C06ADD}.Debug|Any CPU.Build.0 = Debug|Any CPU
		{FA11D3A7-9E9A-4C0C-970F-FBDB38C06ADD}.Release|Any CPU.ActiveCfg = Release|Any CPU
		{FA11D3A7-9E9A-4C0C-970F-FBDB38C06ADD}.Release|Any CPU.Build.0 = Release|Any CPU
		{9BF3232C-06D7-42F1-95A1-9A384EA335F0}.Debug|Any CPU.ActiveCfg = Debug|Any CPU
		{9BF3232C-06D7-42F1-95A1-9A384EA335F0}.Debug|Any CPU.Build.0 = Debug|Any CPU
		{9BF3232C-06D7-42F1-95A1-9A384EA335F0}.Release|Any CPU.ActiveCfg = Release|Any CPU
		{9BF3232C-06D7-42F1-95A1-9A384EA335F0}.Release|Any CPU.Build.0 = Release|Any CPU
		{9ADEABB8-3736-49AE-B4C9-E24EE1DAF80F}.Debug|Any CPU.ActiveCfg = Debug|Any CPU
		{9ADEABB8-3736-49AE-B4C9-E24EE1DAF80F}.Debug|Any CPU.Build.0 = Debug|Any CPU
		{9ADEABB8-3736-49AE-B4C9-E24EE1DAF80F}.Release|Any CPU.ActiveCfg = Release|Any CPU
		{9ADEABB8-3736-49AE-B4C9-E24EE1DAF80F}.Release|Any CPU.Build.0 = Release|Any CPU
		{63AC6D82-F630-4A6E-AD23-EB89E527D665}.Debug|Any CPU.ActiveCfg = Debug|Any CPU
		{63AC6D82-F630-4A6E-AD23-EB89E527D665}.Debug|Any CPU.Build.0 = Debug|Any CPU
		{63AC6D82-F630-4A6E-AD23-EB89E527D665}.Release|Any CPU.ActiveCfg = Release|Any CPU
		{63AC6D82-F630-4A6E-AD23-EB89E527D665}.Release|Any CPU.Build.0 = Release|Any CPU
	EndGlobalSection
	GlobalSection(SolutionProperties) = preSolution
		HideSolutionNode = FALSE
	EndGlobalSection
EndGlobal
